<?xml version="1.0" encoding="UTF-8" standalone="yes" ?>
<CodeBlocks_project_file>
	<FileVersion major="1" minor="6" />
	<Project>
		<Option title="SegundoObligatorioP2" />
		<Option pch_mode="2" />
		<Option compiler="gcc" />
		<Build>
			<Target title="Debug">
				<Option output="bin/Debug/SegundoObligatorioP2" prefix_auto="1" extension_auto="1" />
				<Option object_output="obj/Debug/" />
				<Option type="1" />
				<Option compiler="gcc" />
				<Compiler>
					<Add option="-g" />
				</Compiler>
			</Target>
			<Target title="Release">
				<Option output="bin/Release/SegundoObligatorioP2" prefix_auto="1" extension_auto="1" />
				<Option object_output="obj/Release/" />
				<Option type="1" />
				<Option compiler="gcc" />
				<Compiler>
					<Add option="-O2" />
				</Compiler>
				<Linker>
					<Add option="-s" />
				</Linker>
			</Target>
		</Build>
		<Compiler>
			<Add option="-Wall" />
			<Add option="-fexceptions" />
		</Compiler>
		<Unit filename="abb_de_pacientes.cpp" />
		<Unit filename="abb_de_pacientes.h" />
		<Unit filename="boolean.h" />
		<Unit filename="consulta.cpp" />
		<Unit filename="consulta.h" />
		<Unit filename="evaluacion.cpp" />
		<Unit filename="evaluacion.h" />
		<Unit filename="fecha.cpp" />
		<Unit filename="fecha.h" />
		<Unit filename="lista_de_consultas.cpp" />
		<Unit filename="lista_de_consultas.h" />
		<Unit filename="main.cpp" />
		<Unit filename="paciente.cpp" />
		<Unit filename="paciente.h" />
		<Unit filename="string.cpp" />
		<Unit filename="string.h" />
		<Extensions>
			<code_completion />
			<envvars />
			<debugger />
		</Extensions>
	</Project>
</CodeBlocks_project_file>
